
Microsoft Visual Studio Solution File, Format Version 12.00
# Visual Studio Version 16
VisualStudioVersion = 16.0.30225.117
MinimumVisualStudioVersion = 10.0.40219.1
Project("{FAE04EC0-301F-11D3-BF4B-00C04F79EFBC}") = "DataReversal", "DataReversal.csproj", "{2824C0C2-A870-4712-B7F6-CD9D93073A20}"
EndProject
Global
	GlobalSection(SolutionConfigurationPlatforms) = preSolution
		Debug|Any CPU = Debug|Any CPU
		Release|Any CPU = Release|Any CPU
	EndGlobalSection
	GlobalSection(ProjectConfigurationPlatforms) = postSolution
		{2824C0C2-A870-4712-B7F6-CD9D93073A20}.Debug|Any CPU.ActiveCfg = Debug|Any CPU
		{2824C0C2-A870-4712-B7F6-CD9D93073A20}.Debug|Any CPU.Build.0 = Debug|Any CPU
		{2824C0C2-A870-4712-B7F6-CD9D93073A20}.Release|Any CPU.ActiveCfg = Release|Any CPU
		{2824C0C2-A870-4712-B7F6-CD9D93073A20}.Release|Any CPU.Build.0 = Release|Any CPU
	EndGlobalSection
	GlobalSection(SolutionProperties) = preSolution
		HideSolutionNode = FALSE
	EndGlobalSection
	GlobalSection(ExtensibilityGlobals) = postSolution
		SolutionGuid = {F2B62602-879F-468A-ADE3-389A43708176}
	EndGlobalSection
EndGlobal
